// !$*UTF8*$!
{
	archiveVersion = 1;
	classes = {
	};
	objectVersion = 50;
	objects = {

/* Begin PBXBuildFile section */
		955A7A31257E992100252802 /* AppDelegate.swift in Sources */ = {isa = PBXBuildFile; fileRef = 955A7A30257E992100252802 /* AppDelegate.swift */; };
		955A7A33257E992100252802 /* SceneDelegate.swift in Sources */ = {isa = PBXBuildFile; fileRef = 955A7A32257E992100252802 /* SceneDelegate.swift */; };
		955A7A35257E992100252802 /* ViewController.swift in Sources */ = {isa = PBXBuildFile; fileRef = 955A7A34257E992100252802 /* ViewController.swift */; };
		955A7A38257E992100252802 /* Main.storyboard in Resources */ = {isa = PBXBuildFile; fileRef = 955A7A36257E992100252802 /* Main.storyboard */; };
		955A7A3A257E992500252802 /* Assets.xcassets in Resources */ = {isa = PBXBuildFile; fileRef = 955A7A39257E992500252802 /* Assets.xcassets */; };
		955A7A3D257E992500252802 /* LaunchScreen.storyboard in Resources */ = {isa = PBXBuildFile; fileRef = 955A7A3B257E992500252802 /* LaunchScreen.storyboard */; };
		955A7A47257EA38C00252802 /* LoginViewController.swift in Sources */ = {isa = PBXBuildFile; fileRef = 955A7A46257EA38C00252802 /* LoginViewController.swift */; };
/* End PBXBuildFile section */

/* Begin PBXFileReference section */
		955A7A2D257E992100252802 /* GitHubTest.app */ = {isa = PBXFileReference; explicitFileType = wrapper.application; includeInIndex = 0; path = GitHubTest.app; sourceTree = BUILT_PRODUCTS_DIR; };
		955A7A30257E992100252802 /* AppDelegate.swift */ = {isa = PBXFileReference; lastKnownFileType = sourcecode.swift; path = AppDelegate.swift; sourceTree = "<group>"; };
		955A7A32257E992100252802 /* SceneDelegate.swift */ = {isa = PBXFileReference; lastKnownFileType = sourcecode.swift; path = SceneDelegate.swift; sourceTree = "<group>"; };
		955A7A34257E992100252802 /* ViewController.swift */ = {isa = PBXFileReference; lastKnownFileType = sourcecode.swift; path = ViewController.swift; sourceTree = "<group>"; };
		955A7A37257E992100252802 /* Base */ = {isa = PBXFileReference; lastKnownFileType = file.storyboard; name = Base; path = Base.lproj/Main.storyboard; sourceTree = "<group>"; };
		955A7A39257E992500252802 /* Assets.xcassets */ = {isa = PBXFileReference; lastKnownFileType = folder.assetcatalog; path = Assets.xcassets; sourceTree = "<group>"; };
		955A7A3C257E992500252802 /* Base */ = {isa = PBXFileReference; lastKnownFileType = file.storyboard; name = Base; path = Base.lproj/LaunchScreen.storyboard; sourceTree = "<group>"; };
		955A7A3E257E992500252802 /* Info.plist */ = {isa = PBXFileReference; lastKnownFileType = text.plist.xml; path = Info.plist; sourceTree = "<group>"; };
		955A7A46257EA38C00252802 /* LoginViewController.swift */ = {isa = PBXFileReference; lastKnownFileType = sourcecode.swift; path = LoginViewController.swift; sourceTree = "<group>"; };
/* End PBXFileReference section */

/* Begin PBXFrameworksBuildPhase section */
		955A7A2A257E992000252802 /* Frameworks */ = {
			isa = PBXFrameworksBuildPhase;
			buildActionMask = 2147483647;
			files = (
			);
			runOnlyForDeploymentPostprocessing = 0;
		};
/* End PBXFrameworksBuildPhase section */

/* Begin PBXGroup section */
		955A7A24257E992000252802 = {
			isa = PBXGroup;
			children = (
				955A7A2F257E992100252802 /* GitHubTest */,
				955A7A2E257E992100252802 /* Products */,
			);
			sourceTree = "<group>";
		};
		955A7A2E257E992100252802 /* Products */ = {
			isa = PBXGroup;
			children = (
				955A7A2D257E992100252802 /* GitHubTest.app */,
			);
			name = Products;
			sourceTree = "<group>";
		};
		955A7A2F257E992100252802 /* GitHubTest */ = {
			isa = PBXGroup;
			children = (
				955A7A30257E992100252802 /* AppDelegate.swift */,
				955A7A32257E992100252802 /* SceneDelegate.swift */,
				955A7A34257E992100252802 /* ViewController.swift */,
				955A7A46257EA38C00252802 /* LoginViewController.swift */,
				955A7A36257E992100252802 /* Main.storyboard */,
				955A7A39257E992500252802 /* Assets.xcassets */,
				955A7A3B257E992500252802 /* LaunchScreen.storyboard */,
				955A7A3E257E992500252802 /* Info.plist */,
			);
			path = GitHubTest;
			sourceTree = "<group>";
		};
/* End PBXGroup section */

/* Begin PBXNativeTarget section */
		955A7A2C257E992000252802 /* GitHubTest */ = {
			isa = PBXNativeTarget;
			buildConfigurationList = 955A7A41257E992500252802 /* Build configuration list for PBXNativeTarget "GitHubTest" */;
			buildPhases = (
				955A7A29257E992000252802 /* Sources */,
				955A7A2A257E992000252802 /* Frameworks */,
				955A7A2B257E992000252802 /* Resources */,
			);
			buildRules = (
			);
			dependencies = (
			);
			name = GitHubTest;
			productName = GitHubTest;
			productReference = 955A7A2D257E992100252802 /* GitHubTest.app */;
			productType = "com.apple.product-type.application";
		};
/* End PBXNativeTarget section */

/* Begin PBXProject section */
		955A7A25257E992000252802 /* Project object */ = {
			isa = PBXProject;
			attributes = {
				LastSwiftUpdateCheck = 1220;
				LastUpgradeCheck = 1220;
				TargetAttributes = {
					955A7A2C257E992000252802 = {
						CreatedOnToolsVersion = 12.2;
					};
				};
			};
			buildConfigurationList = 955A7A28257E992000252802 /* Build configuration list for PBXProject "GitHubTest" */;
			compatibilityVersion = "Xcode 9.3";
			developmentRegion = en;
			hasScannedForEncodings = 0;
			knownRegions = (
				en,
				Base,
			);
			mainGroup = 955A7A24257E992000252802;
			productRefGroup = 955A7A2E257E992100252802 /* Products */;
			projectDirPath = "";
			projectRoot = "";
			targets = (
				955A7A2C257E992000252802 /* GitHubTest */,
			);
		};
/* End PBXProject section */

/* Begin PBXResourcesBuildPhase section */
		955A7A2B257E992000252802 /* Resources */ = {
			isa = PBXResourcesBuildPhase;
			buildActionMask = 2147483647;
			files = (
				955A7A3D257E992500252802 /* LaunchScreen.storyboard in Resources */,
				955A7A3A257E992500252802 /* Assets.xcassets in Resources */,
				955A7A38257E992100252802 /* Main.storyboard in Resources */,
			);
			runOnlyForDeploymentPostprocessing = 0;
		};
/* End PBXResourcesBuildPhase section */

/* Begin PBXSourcesBuildPhase section */
		955A7A29257E992000252802 /* Sources */ = {
			isa = PBXSourcesBuildPhase;
			buildActionMask = 2147483647;
			files = (
				955A7A47257EA38C00252802 /* LoginViewController.swift in Sources */,
				955A7A35257E992100252802 /* ViewController.swift in Sources */,
				955A7A31257E992100252802 /* AppDelegate.swift in Sources */,
				955A7A33257E992100252802 /* SceneDelegate.swift in Sources */,
			);
			runOnlyForDeploymentPostprocessing = 0;
		};
/* End PBXSourcesBuildPhase section */

/* Begin PBXVariantGroup section */
		955A7A36257E992100252802 /* Main.storyboard */ = {
			isa = PBXVariantGroup;
			children = (
				955A7A37257E992100252802 /* Base */,
			);
			name = Main.storyboard;
			sourceTree = "<group>";
		};
		955A7A3B257E992500252802 /* LaunchScreen.storyboard */ = {
			isa = PBXVariantGroup;
			children = (
				955A7A3C257E992500252802 /* Base */,
			);
			name = LaunchScreen.storyboard;
			sourceTree = "<group>";
		};
/* End PBXVariantGroup section */

/* Begin XCBuildConfiguration section */
		955A7A3F257E992500252802 /* Debug */ = {
			isa = XCBuildConfiguration;
			buildSettings = {
				ALWAYS_SEARCH_USER_PATHS = NO;
				CLANG_ANALYZER_NONNULL = YES;
				CLANG_ANALYZER_NUMBER_OBJECT_CONVERSION = YES_AGGRESSIVE;
				CLANG_CXX_LANGUAGE_STANDARD = "gnu++14";
				CLANG_CXX_LIBRARY = "libc++";
				CLANG_ENABLE_MODULES = YES;
				CLANG_ENABLE_OBJC_ARC = YES;
				CLANG_ENABLE_OBJC_WEAK = YES;
				CLANG_WARN_BLOCK_CAPTURE_AUTORELEASING = YES;
				CLANG_WARN_BOOL_CONVERSION = YES;
				CLANG_WARN_COMMA = YES;
				CLANG_WARN_CONSTANT_CONVERSION = YES;
				CLANG_WARN_DEPRECATED_OBJC_IMPLEMENTATIONS = YES;
				CLANG_WARN_DIRECT_OBJC_ISA_USAGE = YES_ERROR;
				CLANG_WARN_DOCUMENTATION_COMMENTS = YES;
				CLANG_WARN_EMPTY_BODY = YES;
				CLANG_WARN_ENUM_CONVERSION = YES;
				CLANG_WARN_INFINITE_RECURSION = YES;
				CLANG_WARN_INT_CONVERSION = YES;
				CLANG_WARN_NON_LITERAL_NULL_CONVERSION = YES;
				CLANG_WARN_OBJC_IMPLICIT_RETAIN_SELF = YES;
				CLANG_WARN_OBJC_LITERAL_CONVERSION = YES;
				CLANG_WARN_OBJC_ROOT_CLASS = YES_ERROR;
				CLANG_WARN_QUOTED_INCLUDE_IN_FRAMEWORK_HEADER = YES;
				CLANG_WARN_RANGE_LOOP_ANALYSIS = YES;
				CLANG_WARN_STRICT_PROTOTYPES = YES;
				CLANG_WARN_SUSPICIOUS_MOVE = YES;
				CLANG_WARN_UNGUARDED_AVAILABILITY = YES_AGGRESSIVE;
				CLANG_WARN_UNREACHABLE_CODE = YES;
				CLANG_WARN__DUPLICATE_METHOD_MATCH = YES;
				COPY_PHASE_STRIP = NO;
				DEBUG_INFORMATION_FORMAT = dwarf;
				ENABLE_STRICT_OBJC_MSGSEND = YES;
				ENABLE_TESTABILITY = YES;
				GCC_C_LANGUAGE_STANDARD = gnu11;
				GCC_DYNAMIC_NO_PIC = NO;
				GCC_NO_COMMON_BLOCKS = YES;
				GCC_OPTIMIZATION_LEVEL = 0;
				GCC_PREPROCESSOR_DEFINITIONS = (
					"DEBUG=1",
					"$(inherited)",
				);
				GCC_WARN_64_TO_32_BIT_CONVERSION = YES;
				GCC_WARN_ABOUT_RETURN_TYPE = YES_ERROR;
				GCC_WARN_UNDECLARED_SELECTOR = YES;
				GCC_WARN_UNINITIALIZED_AUTOS = YES_AGGRESSIVE;
				GCC_WARN_UNUSED_FUNCTION = YES;
				GCC_WARN_UNUSED_VARIABLE = YES;
				IPHONEOS_DEPLOYMENT_TARGET = 14.2;
				MTL_ENABLE_DEBUG_INFO = INCLUDE_SOURCE;
				MTL_FAST_MATH = YES;
				ONLY_ACTIVE_ARCH = YES;
				SDKROOT = iphoneos;
				SWIFT_ACTIVE_COMPILATION_CONDITIONS = DEBUG;
				SWIFT_OPTIMIZATION_LEVEL = "-Onone";
			};
			name = Debug;
		};
		955A7A40257E992500252802 /* Release */ = {
			isa = XCBuildConfiguration;
			buildSettings = {
				ALWAYS_SEARCH_USER_PATHS = NO;
				CLANG_ANALYZER_NONNULL = YES;
				CLANG_ANALYZER_NUMBER_OBJECT_CONVERSION = YES_AGGRESSIVE;
				CLANG_CXX_LANGUAGE_STANDARD = "gnu++14";
				CLANG_CXX_LIBRARY = "libc++";
				CLANG_ENABLE_MODULES = YES;
				CLANG_ENABLE_OBJC_ARC = YES;
				CLANG_ENABLE_OBJC_WEAK = YES;
				CLANG_WARN_BLOCK_CAPTURE_AUTORELEASING = YES;
				CLANG_WARN_BOOL_CONVERSION = YES;
				CLANG_WARN_COMMA = YES;
				CLANG_WARN_CONSTANT_CONVERSION = YES;
				CLANG_WARN_DEPRECATED_OBJC_IMPLEMENTATIONS = YES;
				CLANG_WARN_DIRECT_OBJC_ISA_USAGE = YES_ERROR;
				CLANG_WARN_DOCUMENTATION_COMMENTS = YES;
				CLANG_WARN_EMPTY_BODY = YES;
				CLANG_WARN_ENUM_CONVERSION = YES;
				CLANG_WARN_INFINITE_RECURSION = YES;
				CLANG_WARN_INT_CONVERSION = YES;
				CLANG_WARN_NON_LITERAL_NULL_CONVERSION = YES;
				CLANG_WARN_OBJC_IMPLICIT_RETAIN_SELF = YES;
				CLANG_WARN_OBJC_LITERAL_CONVERSION = YES;
				CLANG_WARN_OBJC_ROOT_CLASS = YES_ERROR;
				CLANG_WARN_QUOTED_INCLUDE_IN_FRAMEWORK_HEADER = YES;
				CLANG_WARN_RANGE_LOOP_ANALYSIS = YES;
				CLANG_WARN_STRICT_PROTOTYPES = YES;
				CLANG_WARN_SUSPICIOUS_MOVE = YES;
				CLANG_WARN_UNGUARDED_AVAILABILITY = YES_AGGRESSIVE;
				CLANG_WARN_UNREACHABLE_CODE = YES;
				CLANG_WARN__DUPLICATE_METHOD_MATCH = YES;
				COPY_PHASE_STRIP = NO;
				DEBUG_INFORMATION_FORMAT = "dwarf-with-dsym";
				ENABLE_NS_ASSERTIONS = NO;
				ENABLE_STRICT_OBJC_MSGSEND = YES;
				GCC_C_LANGUAGE_STANDARD = gnu11;
				GCC_NO_COMMON_BLOCKS = YES;
				GCC_WARN_64_TO_32_BIT_CONVERSION = YES;
				GCC_WARN_ABOUT_RETURN_TYPE = YES_ERROR;
				GCC_WARN_UNDECLARED_SELECTOR = YES;
				GCC_WARN_UNINITIALIZED_AUTOS = YES_AGGRESSIVE;
				GCC_WARN_UNUSED_FUNCTION = YES;
				GCC_WARN_UNUSED_VARIABLE = YES;
				IPHONEOS_DEPLOYMENT_TARGET = 14.2;
				MTL_ENABLE_DEBUG_INFO = NO;
				MTL_FAST_MATH = YES;
				SDKROOT = iphoneos;
				SWIFT_COMPILATION_MODE = wholemodule;
				SWIFT_OPTIMIZATION_LEVEL = "-O";
				VALIDATE_PRODUCT = YES;
			};
			name = Release;
		};
		955A7A42257E992500252802 /* Debug */ = {
			isa = XCBuildConfiguration;
			buildSettings = {
				ASSETCATALOG_COMPILER_APPICON_NAME = AppIcon;
				ASSETCATALOG_COMPILER_GLOBAL_ACCENT_COLOR_NAME = AccentColor;
				CODE_SIGN_STYLE = Automatic;
				DEVELOPMENT_TEAM = 8KD22UDLNC;
				INFOPLIST_FILE = GitHubTest/Info.plist;
				LD_RUNPATH_SEARCH_PATHS = (
					"$(inherited)",
					"@executable_path/Frameworks",
				);
				PRODUCT_BUNDLE_IDENTIFIER = com.mbulat.GitHubTest;
				PRODUCT_NAME = "$(TARGET_NAME)";
				SWIFT_VERSION = 5.0;
				TARGETED_DEVICE_FAMILY = "1,2";
			};
			name = Debug;
		};
		955A7A43257E992500252802 /* Release */ = {
			isa = XCBuildConfiguration;
			buildSettings = {
				ASSETCATALOG_COMPILER_APPICON_NAME = AppIcon;
				ASSETCATALOG_COMPILER_GLOBAL_ACCENT_COLOR_NAME = AccentColor;
				CODE_SIGN_STYLE = Automatic;
				DEVELOPMENT_TEAM = 8KD22UDLNC;
				INFOPLIST_FILE = GitHubTest/Info.plist;
				LD_RUNPATH_SEARCH_PATHS = (
					"$(inherited)",
					"@executable_path/Frameworks",
				);
				PRODUCT_BUNDLE_IDENTIFIER = com.mbulat.GitHubTest;
				PRODUCT_NAME = "$(TARGET_NAME)";
				SWIFT_VERSION = 5.0;
				TARGETED_DEVICE_FAMILY = "1,2";
			};
			name = Release;
		};
/* End XCBuildConfiguration section */

/* Begin XCConfigurationList section */
		955A7A28257E992000252802 /* Build configuration list for PBXProject "GitHubTest" */ = {
			isa = XCConfigurationList;
			buildConfigurations = (
				955A7A3F257E992500252802 /* Debug */,
				955A7A40257E992500252802 /* Release */,
			);
			defaultConfigurationIsVisible = 0;
			defaultConfigurationName = Release;
		};
		955A7A41257E992500252802 /* Build configuration list for PBXNativeTarget "GitHubTest" */ = {
			isa = XCConfigurationList;
			buildConfigurations = (
				955A7A42257E992500252802 /* Debug */,
				955A7A43257E992500252802 /* Release */,
			);
			defaultConfigurationIsVisible = 0;
			defaultConfigurationName = Release;
		};
/* End XCConfigurationList section */
	};
	rootObject = 955A7A25257E992000252802 /* Project object */;
}
